
Microsoft Visual Studio Solution File, Format Version 12.00
# Visual Studio Version 17
VisualStudioVersion = 17.10.35013.160
MinimumVisualStudioVersion = 10.0.40219.1
Project("{FAE04EC0-301F-11D3-BF4B-00C04F79EFBC}") = "Gorskiy", "Gorskiy\Gorskiy.csproj", "{F04E4F82-5132-4946-8409-361FA5029548}"
EndProject
Global
	GlobalSection(SolutionConfigurationPlatforms) = preSolution
		Debug|Any CPU = Debug|Any CPU
		Release|Any CPU = Release|Any CPU
	EndGlobalSection
	GlobalSection(ProjectConfigurationPlatforms) = postSolution
		{F04E4F82-5132-4946-8409-361FA5029548}.Debug|Any CPU.ActiveCfg = Debug|Any CPU
		{F04E4F82-5132-4946-8409-361FA5029548}.Debug|Any CPU.Build.0 = Debug|Any CPU
		{F04E4F82-5132-4946-8409-361FA5029548}.Release|Any CPU.ActiveCfg = Release|Any CPU
		{F04E4F82-5132-4946-8409-361FA5029548}.Release|Any CPU.Build.0 = Release|Any CPU
	EndGlobalSection
	GlobalSection(SolutionProperties) = preSolution
		HideSolutionNode = FALSE
	EndGlobalSection
	GlobalSection(ExtensibilityGlobals) = postSolution
		SolutionGuid = {3D79F415-51E3-4831-8EE9-8DB86748B561}
	EndGlobalSection
EndGlobal
